[[package]]
name = "astropy"
version = "6.0.1"
description = "Astronomy and astrophysics core library"
category = "main"
optional = false
python-versions = ">=3.9"

[package.dependencies]
astropy-iers-data = ">=0.2024.2.26.0.28.55"
numpy = ">=1.22,<2"
packaging = ">=19.0"
pyerfa = ">=2.0.1.1"
PyYAML = ">=3.13"

[package.extras]
all = ["astropy", "certifi", "dask", "h5py", "pyarrow (>=5.0.0)", "beautifulsoup4", "html5lib", "bleach", "pandas", "sortedcontainers", "pytz", "jplephem", "mpmath", "asdf-astropy (>=0.3)", "bottleneck", "ipython (>=4.2)", "pytest (>=7.0)", "typing-extensions (>=3.10.0.1)", "fsspec[http] (>=2023.4.0)", "s3fs (>=2023.4.0)", "pre-commit"]
docs = ["astropy", "sphinx", "sphinx-astropy[confv2] (>=1.9.1)", "pytest (>=7.0)", "sphinx-changelog (>=1.2.0)", "sphinx-design", "Jinja2 (>=3.1.3)", "tomli"]
recommended = ["scipy (>=1.5)", "matplotlib (>=3.3,!=3.4.0,!=3.5.2)"]
test = ["pytest (>=7.0)", "pytest-doctestplus (>=0.12)", "pytest-astropy-header (>=0.2.1)", "pytest-astropy (>=0.10)", "pytest-xdist", "threadpoolctl"]
test-all = ["astropy", "objgraph", "ipython (>=4.2)", "coverage", "skyfield (>=1.20)", "sgp4 (>=2.3)"]

[[package]]
name = "astropy-iers-data"
version = "0.2024.4.15.2.45.49"
description = "IERS Earth Rotation and Leap Second tables for the astropy core package"
category = "main"
optional = false
python-versions = ">=3.8"

[package.extras]
docs = ["pytest"]
test = ["pytest", "pytest-remotedata", "hypothesis"]

[[package]]
name = "contourpy"
version = "1.2.1"
description = "Python library for calculating contours of 2D quadrilateral grids"
category = "main"
optional = false
python-versions = ">=3.9"

[package.dependencies]
numpy = ">=1.20"

[package.extras]
docs = ["furo", "sphinx (>=7.2)", "sphinx-copybutton"]
bokeh = ["bokeh", "selenium"]
mypy = ["contourpy", "docutils-stubs", "mypy (==1.8.0)", "types-pillow"]
test = ["contourpy", "matplotlib", "pillow"]
test-no-images = ["pytest", "pytest-cov", "pytest-xdist", "wurlitzer"]

[[package]]
name = "cycler"
version = "0.12.1"
description = "Composable style cycles"
category = "main"
optional = false
python-versions = ">=3.8"

[package.extras]
docs = ["ipython", "matplotlib", "numpydoc", "sphinx"]
tests = ["pytest", "pytest-cov", "pytest-xdist"]

[[package]]
name = "fonttools"
version = "4.51.0"
description = "Tools to manipulate font files"
category = "main"
optional = false
python-versions = ">=3.8"

[package.extras]
all = ["fs (>=2.2.0,<3)", "lxml (>=4.0)", "zopfli (>=0.1.4)", "lz4 (>=1.7.4.2)", "pycairo", "matplotlib", "sympy", "skia-pathops (>=0.5.0)", "uharfbuzz (>=0.23.0)", "brotlicffi (>=0.8.0)", "scipy", "brotli (>=1.0.1)", "munkres", "unicodedata2 (>=15.1.0)", "xattr"]
graphite = ["lz4 (>=1.7.4.2)"]
interpolatable = ["pycairo", "scipy", "munkres"]
lxml = ["lxml (>=4.0)"]
pathops = ["skia-pathops (>=0.5.0)"]
plot = ["matplotlib"]
repacker = ["uharfbuzz (>=0.23.0)"]
symfont = ["sympy"]
type1 = ["xattr"]
ufo = ["fs (>=2.2.0,<3)"]
unicode = ["unicodedata2 (>=15.1.0)"]
woff = ["zopfli (>=0.1.4)", "brotlicffi (>=0.8.0)", "brotli (>=1.0.1)"]

[[package]]
name = "healpy"
version = "1.16.6"
description = "Healpix tools package for Python"
category = "main"
optional = false
python-versions = ">=3.9"

[package.dependencies]
astropy = "*"
matplotlib = "*"
numpy = ">=1.19"
scipy = "*"

[package.extras]
test = ["pytest", "pytest-cython", "pytest-doctestplus", "requests"]

[[package]]
name = "importlib-resources"
version = "6.4.0"
description = "Read resources from Python packages"
category = "main"
optional = false
python-versions = ">=3.8"

[package.dependencies]
zipp = {version = ">=3.1.0", markers = "python_version < \"3.10\""}

[package.extras]
docs = ["sphinx (>=3.5)", "sphinx (<7.2.5)", "jaraco.packaging (>=9.3)", "rst.linker (>=1.9)", "furo", "sphinx-lint", "jaraco.tidelift (>=1.4)"]
testing = ["pytest (>=6)", "pytest-checkdocs (>=2.4)", "pytest-cov", "pytest-enabler (>=2.2)", "pytest-ruff (>=0.2.1)", "zipp (>=3.17)", "jaraco.test (>=5.4)", "pytest-mypy"]

[[package]]
name = "kiwisolver"
version = "1.4.5"
description = "A fast implementation of the Cassowary constraint solver"
category = "main"
optional = false
python-versions = ">=3.7"

[[package]]
name = "matplotlib"
version = "3.8.4"
description = "Python plotting package"
category = "main"
optional = false
python-versions = ">=3.9"

[package.dependencies]
contourpy = ">=1.0.1"
cycler = ">=0.10"
fonttools = ">=4.22.0"
importlib-resources = {version = ">=3.2.0", markers = "python_version < \"3.10\""}
kiwisolver = ">=1.3.1"
numpy = ">=1.21"
packaging = ">=20.0"
pillow = ">=8"
pyparsing = ">=2.3.1"
python-dateutil = ">=2.7"

[[package]]
name = "numpy"
version = "1.26.4"
description = "Fundamental package for array computing in Python"
category = "main"
optional = false
python-versions = ">=3.9"

[[package]]
name = "packaging"
version = "24.0"
description = "Core utilities for Python packages"
category = "main"
optional = false
python-versions = ">=3.7"

[[package]]
name = "pillow"
version = "10.3.0"
description = "Python Imaging Library (Fork)"
category = "main"
optional = false
python-versions = ">=3.8"

[package.extras]
docs = ["furo", "olefile", "sphinx (>=2.4)", "sphinx-copybutton", "sphinx-inline-tabs", "sphinx-removed-in", "sphinxext-opengraph"]
fpx = ["olefile"]
mic = ["olefile"]
tests = ["check-manifest", "coverage", "defusedxml", "markdown2", "olefile", "packaging", "pyroma", "pytest", "pytest-cov", "pytest-timeout"]
typing = ["typing-extensions"]
xmp = ["defusedxml"]

[[package]]
name = "pyerfa"
version = "2.0.1.4"
description = "Python bindings for ERFA"
category = "main"
optional = false
python-versions = ">=3.9"

[package.dependencies]
numpy = ">=1.19"

[package.extras]
docs = ["sphinx-astropy (>=1.3)"]
test = ["pytest", "pytest-doctestplus (>=0.7)"]

[[package]]
name = "pyparsing"
version = "3.1.2"
description = "pyparsing module - Classes and methods to define and execute parsing grammars"
category = "main"
optional = false
python-versions = ">=3.6.8"

[package.extras]
diagrams = ["railroad-diagrams", "jinja2"]

[[package]]
name = "python-dateutil"
version = "2.9.0.post0"
description = "Extensions to the standard Python datetime module"
category = "main"
optional = false
python-versions = "!=3.0.*,!=3.1.*,!=3.2.*,>=2.7"

[package.dependencies]
six = ">=1.5"

[[package]]
name = "pyyaml"
version = "6.0.1"
description = "YAML parser and emitter for Python"
category = "main"
optional = false
python-versions = ">=3.6"

[[package]]
name = "scipy"
version = "1.13.0"
description = "Fundamental algorithms for scientific computing in Python"
category = "main"
optional = false
python-versions = ">=3.9"

[package.dependencies]
numpy = ">=1.22.4,<2.3"

[package.extras]
test = ["pytest", "pytest-cov", "pytest-timeout", "pytest-xdist", "asv", "mpmath", "gmpy2", "threadpoolctl", "scikit-umfpack", "pooch", "hypothesis (>=6.30)", "array-api-strict"]
doc = ["sphinx (>=5.0.0)", "pydata-sphinx-theme (>=0.15.2)", "sphinx-design (>=0.4.0)", "matplotlib (>=3.5)", "numpydoc", "jupytext", "myst-nb", "pooch", "jupyterlite-sphinx (>=0.12.0)", "jupyterlite-pyodide-kernel"]
dev = ["mypy", "typing-extensions", "types-psutil", "pycodestyle", "ruff", "cython-lint (>=0.12.2)", "rich-click", "doit (>=0.36.0)", "pydevtool"]

[[package]]
name = "six"
version = "1.16.0"
description = "Python 2 and 3 compatibility utilities"
category = "main"
optional = false
python-versions = ">=2.7, !=3.0.*, !=3.1.*, !=3.2.*"

[[package]]
name = "zipp"
version = "3.18.1"
description = "Backport of pathlib-compatible object wrapper for zip files"
category = "main"
optional = false
python-versions = ">=3.8"

[package.extras]
docs = ["sphinx (>=3.5)", "jaraco.packaging (>=9.3)", "rst.linker (>=1.9)", "furo", "sphinx-lint", "jaraco.tidelift (>=1.4)"]
testing = ["pytest (>=6)", "pytest-checkdocs (>=2.4)", "pytest-cov", "pytest-enabler (>=2.2)", "pytest-ruff (>=0.2.1)", "jaraco.itertools", "jaraco.functools", "more-itertools", "big-o", "pytest-ignore-flaky", "pytest-mypy"]

[metadata]
lock-version = "1.1"
python-versions = ">=3.9,<3.13"
content-hash = "6332480a2aa164ed62aae8a39eafa41c6240726cb5af73f39b9aa8de7f199ad4"

[metadata.files]
astropy = []
astropy-iers-data = []
contourpy = []
cycler = []
fonttools = []
healpy = []
importlib-resources = []
kiwisolver = []
matplotlib = []
numpy = []
packaging = []
pillow = []
pyerfa = []
pyparsing = []
python-dateutil = []
pyyaml = []
scipy = []
six = []
zipp = []
